
Microsoft Visual Studio Solution File, Format Version 11.00
# Visual Studio 2010
Project("{FAE04EC0-301F-11D3-BF4B-00C04F79EFBC}") = "riddisk-konsole", "riddisk-konsole\riddisk-konsole.csproj", "{6D3B6D4D-0BDB-4FF4-87AE-BB944565DEA8}"
EndProject
Global
	GlobalSection(SolutionConfigurationPlatforms) = preSolution
		Debug|x86 = Debug|x86
		Release|x86 = Release|x86
	EndGlobalSection
	GlobalSection(ProjectConfigurationPlatforms) = postSolution
		{6D3B6D4D-0BDB-4FF4-87AE-BB944565DEA8}.Debug|x86.ActiveCfg = Debug|x86
		{6D3B6D4D-0BDB-4FF4-87AE-BB944565DEA8}.Debug|x86.Build.0 = Debug|x86
		{6D3B6D4D-0BDB-4FF4-87AE-BB944565DEA8}.Release|x86.ActiveCfg = Release|x86
		{6D3B6D4D-0BDB-4FF4-87AE-BB944565DEA8}.Release|x86.Build.0 = Release|x86
	EndGlobalSection
	GlobalSection(MonoDevelopProperties) = preSolution
		StartupItem = riddisk-konsole\riddisk-konsole.csproj
	EndGlobalSection
EndGlobal
